// !$*UTF8*$!
{
	archiveVersion = 1;
	classes = {
	};
	objectVersion = 46;
	objects = {

/* Begin PBXBuildFile section */
		1887C42618E9934000697EAB /* UIView+ZXQuartz.m in Sources */ = {isa = PBXBuildFile; fileRef = 1887C42518E9934000697EAB /* UIView+ZXQuartz.m */; };
		1887C42918E9A4C100697EAB /* InfoView.m in Sources */ = {isa = PBXBuildFile; fileRef = 1887C42818E9A4C100697EAB /* InfoView.m */; };
		18BA5B1118EB061A00674B2B /* bunny_deformation.obj in Resources */ = {isa = PBXBuildFile; fileRef = 18BA5B1018EB061A00674B2B /* bunny_deformation.obj */; };
		18DFE1051941A1CF00EE2839 /* CommandView.m in Sources */ = {isa = PBXBuildFile; fileRef = 18DFE1041941A1CF00EE2839 /* CommandView.m */; };
		18EDFE821942EF610058F229 /* GTMBase64.m in Sources */ = {isa = PBXBuildFile; fileRef = 18EDFE7A1942EF610058F229 /* GTMBase64.m */; };
		18EDFE831942EF610058F229 /* Hmacsha1.m in Sources */ = {isa = PBXBuildFile; fileRef = 18EDFE7D1942EF610058F229 /* Hmacsha1.m */; };
		18EDFE841942EF610058F229 /* JSONKit.m in Sources */ = {isa = PBXBuildFile; fileRef = 18EDFE7F1942EF610058F229 /* JSONKit.m */; };
		18EDFE851942EF610058F229 /* WBUtil.m in Sources */ = {isa = PBXBuildFile; fileRef = 18EDFE811942EF610058F229 /* WBUtil.m */; };
		18F56BF718E556E600EA7A0A /* Foundation.framework in Frameworks */ = {isa = PBXBuildFile; fileRef = 18F56BF618E556E600EA7A0A /* Foundation.framework */; };
		18F56BF918E556E600EA7A0A /* CoreGraphics.framework in Frameworks */ = {isa = PBXBuildFile; fileRef = 18F56BF818E556E600EA7A0A /* CoreGraphics.framework */; };
		18F56BFB18E556E600EA7A0A /* UIKit.framework in Frameworks */ = {isa = PBXBuildFile; fileRef = 18F56BFA18E556E600EA7A0A /* UIKit.framework */; };
		18F56C0118E556E600EA7A0A /* InfoPlist.strings in Resources */ = {isa = PBXBuildFile; fileRef = 18F56BFF18E556E600EA7A0A /* InfoPlist.strings */; };
		18F56C0318E556E600EA7A0A /* main.m in Sources */ = {isa = PBXBuildFile; fileRef = 18F56C0218E556E600EA7A0A /* main.m */; };
		18F56C0718E556E600EA7A0A /* AppDelegate.m in Sources */ = {isa = PBXBuildFile; fileRef = 18F56C0618E556E600EA7A0A /* AppDelegate.m */; };
		18F56C0A18E556E600EA7A0A /* Main.storyboard in Resources */ = {isa = PBXBuildFile; fileRef = 18F56C0818E556E600EA7A0A /* Main.storyboard */; };
		18F56C0D18E556E600EA7A0A /* ViewController.m in Sources */ = {isa = PBXBuildFile; fileRef = 18F56C0C18E556E600EA7A0A /* ViewController.m */; };
		18F56C0F18E556E600EA7A0A /* Images.xcassets in Resources */ = {isa = PBXBuildFile; fileRef = 18F56C0E18E556E600EA7A0A /* Images.xcassets */; };
		18F56C1618E556E700EA7A0A /* XCTest.framework in Frameworks */ = {isa = PBXBuildFile; fileRef = 18F56C1518E556E700EA7A0A /* XCTest.framework */; };
		18F56C1718E556E700EA7A0A /* Foundation.framework in Frameworks */ = {isa = PBXBuildFile; fileRef = 18F56BF618E556E600EA7A0A /* Foundation.framework */; };
		18F56C1818E556E700EA7A0A /* UIKit.framework in Frameworks */ = {isa = PBXBuildFile; fileRef = 18F56BFA18E556E600EA7A0A /* UIKit.framework */; };
		18F56C2018E556E700EA7A0A /* InfoPlist.strings in Resources */ = {isa = PBXBuildFile; fileRef = 18F56C1E18E556E700EA7A0A /* InfoPlist.strings */; };
		18F56C2218E556E700EA7A0A /* formation_meshTests.m in Sources */ = {isa = PBXBuildFile; fileRef = 18F56C2118E556E700EA7A0A /* formation_meshTests.m */; };
		18F56C3018E5591200EA7A0A /* MeshViewController.m in Sources */ = {isa = PBXBuildFile; fileRef = 18F56C2F18E5591200EA7A0A /* MeshViewController.m */; };
		18F56C3318E5595400EA7A0A /* FileViewController.m in Sources */ = {isa = PBXBuildFile; fileRef = 18F56C3218E5595400EA7A0A /* FileViewController.m */; };
		18F56C3618E55D3300EA7A0A /* QSplitViewController.m in Sources */ = {isa = PBXBuildFile; fileRef = 18F56C3518E55D3300EA7A0A /* QSplitViewController.m */; };
		18F56C4118E55EFB00EA7A0A /* MBProgressHUD.m in Sources */ = {isa = PBXBuildFile; fileRef = 18F56C4018E55EFB00EA7A0A /* MBProgressHUD.m */; };
		18F56C4818E562C700EA7A0A /* diamond.obj in Resources */ = {isa = PBXBuildFile; fileRef = 18F56C4418E562C700EA7A0A /* diamond.obj */; };
		18F56C4918E562C700EA7A0A /* bunny.obj in Resources */ = {isa = PBXBuildFile; fileRef = 18F56C4518E562C700EA7A0A /* bunny.obj */; };
		18F56C4A18E562C700EA7A0A /* chair1.obj in Resources */ = {isa = PBXBuildFile; fileRef = 18F56C4618E562C700EA7A0A /* chair1.obj */; };
		18F56C4B18E562C700EA7A0A /* face.obj in Resources */ = {isa = PBXBuildFile; fileRef = 18F56C4718E562C700EA7A0A /* face.obj */; };
		18F56C4D18E5636F00EA7A0A /* OpenGLES.framework in Frameworks */ = {isa = PBXBuildFile; fileRef = 18F56C4C18E5636F00EA7A0A /* OpenGLES.framework */; };
		18F56C4F18E5637C00EA7A0A /* GLKit.framework in Frameworks */ = {isa = PBXBuildFile; fileRef = 18F56C4E18E5637C00EA7A0A /* GLKit.framework */; };
		18F56C5118E5638C00EA7A0A /* CoreMotion.framework in Frameworks */ = {isa = PBXBuildFile; fileRef = 18F56C5018E5638C00EA7A0A /* CoreMotion.framework */; };
		18F56C5718E568D000EA7A0A /* libMishMesh.a in Frameworks */ = {isa = PBXBuildFile; fileRef = 18F56C3C18E55E8800EA7A0A /* libMishMesh.a */; };
/* End PBXBuildFile section */

/* Begin PBXContainerItemProxy section */
		18F56C1918E556E700EA7A0A /* PBXContainerItemProxy */ = {
			isa = PBXContainerItemProxy;
			containerPortal = 18F56BEB18E556E600EA7A0A /* Project object */;
			proxyType = 1;
			remoteGlobalIDString = 18F56BF218E556E600EA7A0A;
			remoteInfo = formation_mesh;
		};
		18F56C3B18E55E8800EA7A0A /* PBXContainerItemProxy */ = {
			isa = PBXContainerItemProxy;
			containerPortal = 18F56C3718E55E8800EA7A0A /* MishMesh.xcodeproj */;
			proxyType = 2;
			remoteGlobalIDString = 807B997B17CC819F004CF689;
			remoteInfo = MishMesh;
		};
		18F56C5818E56A9A00EA7A0A /* PBXContainerItemProxy */ = {
			isa = PBXContainerItemProxy;
			containerPortal = 18F56C3718E55E8800EA7A0A /* MishMesh.xcodeproj */;
			proxyType = 1;
			remoteGlobalIDString = 807B997A17CC819F004CF689;
			remoteInfo = MishMesh;
		};
/* End PBXContainerItemProxy section */

/* Begin PBXFileReference section */
		1887C42418E9934000697EAB /* UIView+ZXQuartz.h */ = {isa = PBXFileReference; fileEncoding = 4; lastKnownFileType = sourcecode.c.h; path = "UIView+ZXQuartz.h"; sourceTree = "<group>"; };
		1887C42518E9934000697EAB /* UIView+ZXQuartz.m */ = {isa = PBXFileReference; fileEncoding = 4; lastKnownFileType = sourcecode.c.objc; path = "UIView+ZXQuartz.m"; sourceTree = "<group>"; };
		1887C42718E9A4C100697EAB /* InfoView.h */ = {isa = PBXFileReference; fileEncoding = 4; lastKnownFileType = sourcecode.c.h; path = InfoView.h; sourceTree = "<group>"; };
		1887C42818E9A4C100697EAB /* InfoView.m */ = {isa = PBXFileReference; fileEncoding = 4; lastKnownFileType = sourcecode.c.objc; path = InfoView.m; sourceTree = "<group>"; };
		18BA5B1018EB061A00674B2B /* bunny_deformation.obj */ = {isa = PBXFileReference; fileEncoding = 4; lastKnownFileType = text; path = bunny_deformation.obj; sourceTree = "<group>"; };
		18DFE1031941A1CF00EE2839 /* CommandView.h */ = {isa = PBXFileReference; fileEncoding = 4; lastKnownFileType = sourcecode.c.h; path = CommandView.h; sourceTree = "<group>"; };
		18DFE1041941A1CF00EE2839 /* CommandView.m */ = {isa = PBXFileReference; fileEncoding = 4; lastKnownFileType = sourcecode.c.objc; path = CommandView.m; sourceTree = "<group>"; };
		18EDFE791942EF610058F229 /* GTMBase64.h */ = {isa = PBXFileReference; fileEncoding = 4; lastKnownFileType = sourcecode.c.h; path = GTMBase64.h; sourceTree = "<group>"; };
		18EDFE7A1942EF610058F229 /* GTMBase64.m */ = {isa = PBXFileReference; fileEncoding = 4; lastKnownFileType = sourcecode.c.objc; path = GTMBase64.m; sourceTree = "<group>"; };
		18EDFE7B1942EF610058F229 /* GTMDefines.h */ = {isa = PBXFileReference; fileEncoding = 4; lastKnownFileType = sourcecode.c.h; path = GTMDefines.h; sourceTree = "<group>"; };
		18EDFE7C1942EF610058F229 /* Hmacsha1.h */ = {isa = PBXFileReference; fileEncoding = 4; lastKnownFileType = sourcecode.c.h; path = Hmacsha1.h; sourceTree = "<group>"; };
		18EDFE7D1942EF610058F229 /* Hmacsha1.m */ = {isa = PBXFileReference; fileEncoding = 4; lastKnownFileType = sourcecode.c.objc; path = Hmacsha1.m; sourceTree = "<group>"; };
		18EDFE7E1942EF610058F229 /* JSONKit.h */ = {isa = PBXFileReference; fileEncoding = 4; lastKnownFileType = sourcecode.c.h; path = JSONKit.h; sourceTree = "<group>"; };
		18EDFE7F1942EF610058F229 /* JSONKit.m */ = {isa = PBXFileReference; fileEncoding = 4; lastKnownFileType = sourcecode.c.objc; path = JSONKit.m; sourceTree = "<group>"; };
		18EDFE801942EF610058F229 /* WBUtil.h */ = {isa = PBXFileReference; fileEncoding = 4; lastKnownFileType = sourcecode.c.h; path = WBUtil.h; sourceTree = "<group>"; };
		18EDFE811942EF610058F229 /* WBUtil.m */ = {isa = PBXFileReference; fileEncoding = 4; lastKnownFileType = sourcecode.c.objc; path = WBUtil.m; sourceTree = "<group>"; };
		18F56BF318E556E600EA7A0A /* formation_mesh.app */ = {isa = PBXFileReference; explicitFileType = wrapper.application; includeInIndex = 0; path = formation_mesh.app; sourceTree = BUILT_PRODUCTS_DIR; };
		18F56BF618E556E600EA7A0A /* Foundation.framework */ = {isa = PBXFileReference; lastKnownFileType = wrapper.framework; name = Foundation.framework; path = System/Library/Frameworks/Foundation.framework; sourceTree = SDKROOT; };
		18F56BF818E556E600EA7A0A /* CoreGraphics.framework */ = {isa = PBXFileReference; lastKnownFileType = wrapper.framework; name = CoreGraphics.framework; path = System/Library/Frameworks/CoreGraphics.framework; sourceTree = SDKROOT; };
		18F56BFA18E556E600EA7A0A /* UIKit.framework */ = {isa = PBXFileReference; lastKnownFileType = wrapper.framework; name = UIKit.framework; path = System/Library/Frameworks/UIKit.framework; sourceTree = SDKROOT; };
		18F56BFE18E556E600EA7A0A /* formation_mesh-Info.plist */ = {isa = PBXFileReference; lastKnownFileType = text.plist.xml; path = "formation_mesh-Info.plist"; sourceTree = "<group>"; };
		18F56C0018E556E600EA7A0A /* en */ = {isa = PBXFileReference; lastKnownFileType = text.plist.strings; name = en; path = en.lproj/InfoPlist.strings; sourceTree = "<group>"; };
		18F56C0218E556E600EA7A0A /* main.m */ = {isa = PBXFileReference; lastKnownFileType = sourcecode.c.objc; path = main.m; sourceTree = "<group>"; };
		18F56C0418E556E600EA7A0A /* formation_mesh-Prefix.pch */ = {isa = PBXFileReference; lastKnownFileType = sourcecode.c.h; path = "formation_mesh-Prefix.pch"; sourceTree = "<group>"; };
		18F56C0518E556E600EA7A0A /* AppDelegate.h */ = {isa = PBXFileReference; lastKnownFileType = sourcecode.c.h; path = AppDelegate.h; sourceTree = "<group>"; };
		18F56C0618E556E600EA7A0A /* AppDelegate.m */ = {isa = PBXFileReference; lastKnownFileType = sourcecode.c.objc; path = AppDelegate.m; sourceTree = "<group>"; };
		18F56C0918E556E600EA7A0A /* Base */ = {isa = PBXFileReference; lastKnownFileType = file.storyboard; name = Base; path = Base.lproj/Main.storyboard; sourceTree = "<group>"; };
		18F56C0B18E556E600EA7A0A /* ViewController.h */ = {isa = PBXFileReference; lastKnownFileType = sourcecode.c.h; path = ViewController.h; sourceTree = "<group>"; };
		18F56C0C18E556E600EA7A0A /* ViewController.m */ = {isa = PBXFileReference; lastKnownFileType = sourcecode.c.objc; path = ViewController.m; sourceTree = "<group>"; };
		18F56C0E18E556E600EA7A0A /* Images.xcassets */ = {isa = PBXFileReference; lastKnownFileType = folder.assetcatalog; path = Images.xcassets; sourceTree = "<group>"; };
		18F56C1418E556E700EA7A0A /* formation_meshTests.xctest */ = {isa = PBXFileReference; explicitFileType = wrapper.cfbundle; includeInIndex = 0; path = formation_meshTests.xctest; sourceTree = BUILT_PRODUCTS_DIR; };
		18F56C1518E556E700EA7A0A /* XCTest.framework */ = {isa = PBXFileReference; lastKnownFileType = wrapper.framework; name = XCTest.framework; path = Library/Frameworks/XCTest.framework; sourceTree = DEVELOPER_DIR; };
		18F56C1D18E556E700EA7A0A /* formation_meshTests-Info.plist */ = {isa = PBXFileReference; lastKnownFileType = text.plist.xml; path = "formation_meshTests-Info.plist"; sourceTree = "<group>"; };
		18F56C1F18E556E700EA7A0A /* en */ = {isa = PBXFileReference; lastKnownFileType = text.plist.strings; name = en; path = en.lproj/InfoPlist.strings; sourceTree = "<group>"; };
		18F56C2118E556E700EA7A0A /* formation_meshTests.m */ = {isa = PBXFileReference; lastKnownFileType = sourcecode.c.objc; path = formation_meshTests.m; sourceTree = "<group>"; };
		18F56C2E18E5591200EA7A0A /* MeshViewController.h */ = {isa = PBXFileReference; fileEncoding = 4; lastKnownFileType = sourcecode.c.h; path = MeshViewController.h; sourceTree = "<group>"; };
		18F56C2F18E5591200EA7A0A /* MeshViewController.m */ = {isa = PBXFileReference; fileEncoding = 4; lastKnownFileType = sourcecode.c.objc; path = MeshViewController.m; sourceTree = "<group>"; };
		18F56C3118E5595400EA7A0A /* FileViewController.h */ = {isa = PBXFileReference; fileEncoding = 4; lastKnownFileType = sourcecode.c.h; path = FileViewController.h; sourceTree = "<group>"; };
		18F56C3218E5595400EA7A0A /* FileViewController.m */ = {isa = PBXFileReference; fileEncoding = 4; lastKnownFileType = sourcecode.c.objc; path = FileViewController.m; sourceTree = "<group>"; };
		18F56C3418E55D3300EA7A0A /* QSplitViewController.h */ = {isa = PBXFileReference; fileEncoding = 4; lastKnownFileType = sourcecode.c.h; path = QSplitViewController.h; sourceTree = "<group>"; };
		18F56C3518E55D3300EA7A0A /* QSplitViewController.m */ = {isa = PBXFileReference; fileEncoding = 4; lastKnownFileType = sourcecode.c.objc; path = QSplitViewController.m; sourceTree = "<group>"; };
		18F56C3718E55E8800EA7A0A /* MishMesh.xcodeproj */ = {isa = PBXFileReference; lastKnownFileType = "wrapper.pb-project"; name = MishMesh.xcodeproj; path = formation_mesh/MishMesh/MishMesh.xcodeproj; sourceTree = "<group>"; };
		18F56C3F18E55EFB00EA7A0A /* MBProgressHUD.h */ = {isa = PBXFileReference; fileEncoding = 4; lastKnownFileType = sourcecode.c.h; path = MBProgressHUD.h; sourceTree = "<group>"; };
		18F56C4018E55EFB00EA7A0A /* MBProgressHUD.m */ = {isa = PBXFileReference; fileEncoding = 4; lastKnownFileType = sourcecode.c.objc; path = MBProgressHUD.m; sourceTree = "<group>"; };
		18F56C4418E562C700EA7A0A /* diamond.obj */ = {isa = PBXFileReference; fileEncoding = 4; lastKnownFileType = text; path = diamond.obj; sourceTree = "<group>"; };
		18F56C4518E562C700EA7A0A /* bunny.obj */ = {isa = PBXFileReference; fileEncoding = 4; lastKnownFileType = text; path = bunny.obj; sourceTree = "<group>"; };
		18F56C4618E562C700EA7A0A /* chair1.obj */ = {isa = PBXFileReference; fileEncoding = 4; lastKnownFileType = text; path = chair1.obj; sourceTree = "<group>"; };
		18F56C4718E562C700EA7A0A /* face.obj */ = {isa = PBXFileReference; fileEncoding = 4; lastKnownFileType = text; path = face.obj; sourceTree = "<group>"; };
		18F56C4C18E5636F00EA7A0A /* OpenGLES.framework */ = {isa = PBXFileReference; lastKnownFileType = wrapper.framework; name = OpenGLES.framework; path = System/Library/Frameworks/OpenGLES.framework; sourceTree = SDKROOT; };
		18F56C4E18E5637C00EA7A0A /* GLKit.framework */ = {isa = PBXFileReference; lastKnownFileType = wrapper.framework; name = GLKit.framework; path = System/Library/Frameworks/GLKit.framework; sourceTree = SDKROOT; };
		18F56C5018E5638C00EA7A0A /* CoreMotion.framework */ = {isa = PBXFileReference; lastKnownFileType = wrapper.framework; name = CoreMotion.framework; path = System/Library/Frameworks/CoreMotion.framework; sourceTree = SDKROOT; };
/* End PBXFileReference section */

/* Begin PBXFrameworksBuildPhase section */
		18F56BF018E556E600EA7A0A /* Frameworks */ = {
			isa = PBXFrameworksBuildPhase;
			buildActionMask = 2147483647;
			files = (
				18F56C5718E568D000EA7A0A /* libMishMesh.a in Frameworks */,
				18F56C5118E5638C00EA7A0A /* CoreMotion.framework in Frameworks */,
				18F56C4F18E5637C00EA7A0A /* GLKit.framework in Frameworks */,
				18F56C4D18E5636F00EA7A0A /* OpenGLES.framework in Frameworks */,
				18F56BF918E556E600EA7A0A /* CoreGraphics.framework in Frameworks */,
				18F56BFB18E556E600EA7A0A /* UIKit.framework in Frameworks */,
				18F56BF718E556E600EA7A0A /* Foundation.framework in Frameworks */,
			);
			runOnlyForDeploymentPostprocessing = 0;
		};
		18F56C1118E556E700EA7A0A /* Frameworks */ = {
			isa = PBXFrameworksBuildPhase;
			buildActionMask = 2147483647;
			files = (
				18F56C1618E556E700EA7A0A /* XCTest.framework in Frameworks */,
				18F56C1818E556E700EA7A0A /* UIKit.framework in Frameworks */,
				18F56C1718E556E700EA7A0A /* Foundation.framework in Frameworks */,
			);
			runOnlyForDeploymentPostprocessing = 0;
		};
/* End PBXFrameworksBuildPhase section */

/* Begin PBXGroup section */
		18EDFE781942EF610058F229 /* JSON */ = {
			isa = PBXGroup;
			children = (
				18EDFE791942EF610058F229 /* GTMBase64.h */,
				18EDFE7A1942EF610058F229 /* GTMBase64.m */,
				18EDFE7B1942EF610058F229 /* GTMDefines.h */,
				18EDFE7C1942EF610058F229 /* Hmacsha1.h */,
				18EDFE7D1942EF610058F229 /* Hmacsha1.m */,
				18EDFE7E1942EF610058F229 /* JSONKit.h */,
				18EDFE7F1942EF610058F229 /* JSONKit.m */,
				18EDFE801942EF610058F229 /* WBUtil.h */,
				18EDFE811942EF610058F229 /* WBUtil.m */,
			);
			path = JSON;
			sourceTree = "<group>";
		};
		18F56BEA18E556E600EA7A0A = {
			isa = PBXGroup;
			children = (
				18F56C3718E55E8800EA7A0A /* MishMesh.xcodeproj */,
				18F56BFC18E556E600EA7A0A /* formation_mesh */,
				18F56C1B18E556E700EA7A0A /* formation_meshTests */,
				18F56BF518E556E600EA7A0A /* Frameworks */,
				18F56BF418E556E600EA7A0A /* Products */,
			);
			sourceTree = "<group>";
		};
		18F56BF418E556E600EA7A0A /* Products */ = {
			isa = PBXGroup;
			children = (
				18F56BF318E556E600EA7A0A /* formation_mesh.app */,
				18F56C1418E556E700EA7A0A /* formation_meshTests.xctest */,
			);
			name = Products;
			sourceTree = "<group>";
		};
		18F56BF518E556E600EA7A0A /* Frameworks */ = {
			isa = PBXGroup;
			children = (
				18F56C5018E5638C00EA7A0A /* CoreMotion.framework */,
				18F56C4E18E5637C00EA7A0A /* GLKit.framework */,
				18F56C4C18E5636F00EA7A0A /* OpenGLES.framework */,
				18F56BF618E556E600EA7A0A /* Foundation.framework */,
				18F56BF818E556E600EA7A0A /* CoreGraphics.framework */,
				18F56BFA18E556E600EA7A0A /* UIKit.framework */,
				18F56C1518E556E700EA7A0A /* XCTest.framework */,
			);
			name = Frameworks;
			sourceTree = "<group>";
		};
		18F56BFC18E556E600EA7A0A /* formation_mesh */ = {
			isa = PBXGroup;
			children = (
				18EDFE781942EF610058F229 /* JSON */,
				1887C42418E9934000697EAB /* UIView+ZXQuartz.h */,
				1887C42518E9934000697EAB /* UIView+ZXQuartz.m */,
				18F56C3E18E55EFB00EA7A0A /* HUD */,
				18F56C0518E556E600EA7A0A /* AppDelegate.h */,
				18F56C0618E556E600EA7A0A /* AppDelegate.m */,
				18F56C0818E556E600EA7A0A /* Main.storyboard */,
				18F56C3118E5595400EA7A0A /* FileViewController.h */,
				18F56C3218E5595400EA7A0A /* FileViewController.m */,
				18F56C2E18E5591200EA7A0A /* MeshViewController.h */,
				18F56C2F18E5591200EA7A0A /* MeshViewController.m */,
				1887C42718E9A4C100697EAB /* InfoView.h */,
				1887C42818E9A4C100697EAB /* InfoView.m */,
				18DFE1031941A1CF00EE2839 /* CommandView.h */,
				18DFE1041941A1CF00EE2839 /* CommandView.m */,
				18F56C3418E55D3300EA7A0A /* QSplitViewController.h */,
				18F56C3518E55D3300EA7A0A /* QSplitViewController.m */,
				18F56C0B18E556E600EA7A0A /* ViewController.h */,
				18F56C0C18E556E600EA7A0A /* ViewController.m */,
				18F56C0E18E556E600EA7A0A /* Images.xcassets */,
				18F56BFD18E556E600EA7A0A /* Supporting Files */,
			);
			path = formation_mesh;
			sourceTree = "<group>";
		};
		18F56BFD18E556E600EA7A0A /* Supporting Files */ = {
			isa = PBXGroup;
			children = (
				18BA5B1018EB061A00674B2B /* bunny_deformation.obj */,
				18F56C4418E562C700EA7A0A /* diamond.obj */,
				18F56C4518E562C700EA7A0A /* bunny.obj */,
				18F56C4618E562C700EA7A0A /* chair1.obj */,
				18F56C4718E562C700EA7A0A /* face.obj */,
				18F56BFE18E556E600EA7A0A /* formation_mesh-Info.plist */,
				18F56BFF18E556E600EA7A0A /* InfoPlist.strings */,
				18F56C0218E556E600EA7A0A /* main.m */,
				18F56C0418E556E600EA7A0A /* formation_mesh-Prefix.pch */,
			);
			name = "Supporting Files";
			sourceTree = "<group>";
		};
		18F56C1B18E556E700EA7A0A /* formation_meshTests */ = {
			isa = PBXGroup;
			children = (
				18F56C2118E556E700EA7A0A /* formation_meshTests.m */,
				18F56C1C18E556E700EA7A0A /* Supporting Files */,
			);
			path = formation_meshTests;
			sourceTree = "<group>";
		};
		18F56C1C18E556E700EA7A0A /* Supporting Files */ = {
			isa = PBXGroup;
			children = (
				18F56C1D18E556E700EA7A0A /* formation_meshTests-Info.plist */,
				18F56C1E18E556E700EA7A0A /* InfoPlist.strings */,
			);
			name = "Supporting Files";
			sourceTree = "<group>";
		};
		18F56C3818E55E8800EA7A0A /* Products */ = {
			isa = PBXGroup;
			children = (
				18F56C3C18E55E8800EA7A0A /* libMishMesh.a */,
			);
			name = Products;
			sourceTree = "<group>";
		};
		18F56C3E18E55EFB00EA7A0A /* HUD */ = {
			isa = PBXGroup;
			children = (
				18F56C3F18E55EFB00EA7A0A /* MBProgressHUD.h */,
				18F56C4018E55EFB00EA7A0A /* MBProgressHUD.m */,
			);
			path = HUD;
			sourceTree = "<group>";
		};
/* End PBXGroup section */

/* Begin PBXNativeTarget section */
		18F56BF218E556E600EA7A0A /* formation_mesh */ = {
			isa = PBXNativeTarget;
			buildConfigurationList = 18F56C2518E556E700EA7A0A /* Build configuration list for PBXNativeTarget "formation_mesh" */;
			buildPhases = (
				18F56BEF18E556E600EA7A0A /* Sources */,
				18F56BF018E556E600EA7A0A /* Frameworks */,
				18F56BF118E556E600EA7A0A /* Resources */,
			);
			buildRules = (
			);
			dependencies = (
				18F56C5918E56A9A00EA7A0A /* PBXTargetDependency */,
			);
			name = formation_mesh;
			productName = formation_mesh;
			productReference = 18F56BF318E556E600EA7A0A /* formation_mesh.app */;
			productType = "com.apple.product-type.application";
		};
		18F56C1318E556E700EA7A0A /* formation_meshTests */ = {
			isa = PBXNativeTarget;
			buildConfigurationList = 18F56C2818E556E700EA7A0A /* Build configuration list for PBXNativeTarget "formation_meshTests" */;
			buildPhases = (
				18F56C1018E556E700EA7A0A /* Sources */,
				18F56C1118E556E700EA7A0A /* Frameworks */,
				18F56C1218E556E700EA7A0A /* Resources */,
			);
			buildRules = (
			);
			dependencies = (
				18F56C1A18E556E700EA7A0A /* PBXTargetDependency */,
			);
			name = formation_meshTests;
			productName = formation_meshTests;
			productReference = 18F56C1418E556E700EA7A0A /* formation_meshTests.xctest */;
			productType = "com.apple.product-type.bundle.unit-test";
		};
/* End PBXNativeTarget section */

/* Begin PBXProject section */
		18F56BEB18E556E600EA7A0A /* Project object */ = {
			isa = PBXProject;
			attributes = {
				LastUpgradeCheck = 0500;
				ORGANIZATIONNAME = apple;
				TargetAttributes = {
					18F56C1318E556E700EA7A0A = {
						TestTargetID = 18F56BF218E556E600EA7A0A;
					};
				};
			};
			buildConfigurationList = 18F56BEE18E556E600EA7A0A /* Build configuration list for PBXProject "formation_mesh" */;
			compatibilityVersion = "Xcode 3.2";
			developmentRegion = English;
			hasScannedForEncodings = 0;
			knownRegions = (
				en,
				Base,
			);
			mainGroup = 18F56BEA18E556E600EA7A0A;
			productRefGroup = 18F56BF418E556E600EA7A0A /* Products */;
			projectDirPath = "";
			projectReferences = (
				{
					ProductGroup = 18F56C3818E55E8800EA7A0A /* Products */;
					ProjectRef = 18F56C3718E55E8800EA7A0A /* MishMesh.xcodeproj */;
				},
			);
			projectRoot = "";
			targets = (
				18F56BF218E556E600EA7A0A /* formation_mesh */,
				18F56C1318E556E700EA7A0A /* formation_meshTests */,
			);
		};
/* End PBXProject section */

/* Begin PBXReferenceProxy section */
		18F56C3C18E55E8800EA7A0A /* libMishMesh.a */ = {
			isa = PBXReferenceProxy;
			fileType = archive.ar;
			path = libMishMesh.a;
			remoteRef = 18F56C3B18E55E8800EA7A0A /* PBXContainerItemProxy */;
			sourceTree = BUILT_PRODUCTS_DIR;
		};
/* End PBXReferenceProxy section */

/* Begin PBXResourcesBuildPhase section */
		18F56BF118E556E600EA7A0A /* Resources */ = {
			isa = PBXResourcesBuildPhase;
			buildActionMask = 2147483647;
			files = (
				18F56C4818E562C700EA7A0A /* diamond.obj in Resources */,
				18BA5B1118EB061A00674B2B /* bunny_deformation.obj in Resources */,
				18F56C4918E562C700EA7A0A /* bunny.obj in Resources */,
				18F56C4B18E562C700EA7A0A /* face.obj in Resources */,
				18F56C0F18E556E600EA7A0A /* Images.xcassets in Resources */,
				18F56C0118E556E600EA7A0A /* InfoPlist.strings in Resources */,
				18F56C0A18E556E600EA7A0A /* Main.storyboard in Resources */,
				18F56C4A18E562C700EA7A0A /* chair1.obj in Resources */,
			);
			runOnlyForDeploymentPostprocessing = 0;
		};
		18F56C1218E556E700EA7A0A /* Resources */ = {
			isa = PBXResourcesBuildPhase;
			buildActionMask = 2147483647;
			files = (
				18F56C2018E556E700EA7A0A /* InfoPlist.strings in Resources */,
			);
			runOnlyForDeploymentPostprocessing = 0;
		};
/* End PBXResourcesBuildPhase section */

/* Begin PBXSourcesBuildPhase section */
		18F56BEF18E556E600EA7A0A /* Sources */ = {
			isa = PBXSourcesBuildPhase;
			buildActionMask = 2147483647;
			files = (
				18F56C0D18E556E600EA7A0A /* ViewController.m in Sources */,
				1887C42618E9934000697EAB /* UIView+ZXQuartz.m in Sources */,
				18EDFE821942EF610058F229 /* GTMBase64.m in Sources */,
				18EDFE831942EF610058F229 /* Hmacsha1.m in Sources */,
				18EDFE851942EF610058F229 /* WBUtil.m in Sources */,
				18DFE1051941A1CF00EE2839 /* CommandView.m in Sources */,
				18F56C0718E556E600EA7A0A /* AppDelegate.m in Sources */,
				18EDFE841942EF610058F229 /* JSONKit.m in Sources */,
				18F56C3318E5595400EA7A0A /* FileViewController.m in Sources */,
				18F56C3618E55D3300EA7A0A /* QSplitViewController.m in Sources */,
				18F56C0318E556E600EA7A0A /* main.m in Sources */,
				18F56C3018E5591200EA7A0A /* MeshViewController.m in Sources */,
				18F56C4118E55EFB00EA7A0A /* MBProgressHUD.m in Sources */,
				1887C42918E9A4C100697EAB /* InfoView.m in Sources */,
			);
			runOnlyForDeploymentPostprocessing = 0;
		};
		18F56C1018E556E700EA7A0A /* Sources */ = {
			isa = PBXSourcesBuildPhase;
			buildActionMask = 2147483647;
			files = (
				18F56C2218E556E700EA7A0A /* formation_meshTests.m in Sources */,
			);
			runOnlyForDeploymentPostprocessing = 0;
		};
/* End PBXSourcesBuildPhase section */

/* Begin PBXTargetDependency section */
		18F56C1A18E556E700EA7A0A /* PBXTargetDependency */ = {
			isa = PBXTargetDependency;
			target = 18F56BF218E556E600EA7A0A /* formation_mesh */;
			targetProxy = 18F56C1918E556E700EA7A0A /* PBXContainerItemProxy */;
		};
		18F56C5918E56A9A00EA7A0A /* PBXTargetDependency */ = {
			isa = PBXTargetDependency;
			name = MishMesh;
			targetProxy = 18F56C5818E56A9A00EA7A0A /* PBXContainerItemProxy */;
		};
/* End PBXTargetDependency section */

/* Begin PBXVariantGroup section */
		18F56BFF18E556E600EA7A0A /* InfoPlist.strings */ = {
			isa = PBXVariantGroup;
			children = (
				18F56C0018E556E600EA7A0A /* en */,
			);
			name = InfoPlist.strings;
			sourceTree = "<group>";
		};
		18F56C0818E556E600EA7A0A /* Main.storyboard */ = {
			isa = PBXVariantGroup;
			children = (
				18F56C0918E556E600EA7A0A /* Base */,
			);
			name = Main.storyboard;
			sourceTree = "<group>";
		};
		18F56C1E18E556E700EA7A0A /* InfoPlist.strings */ = {
			isa = PBXVariantGroup;
			children = (
				18F56C1F18E556E700EA7A0A /* en */,
			);
			name = InfoPlist.strings;
			sourceTree = "<group>";
		};
/* End PBXVariantGroup section */

/* Begin XCBuildConfiguration section */
		18F56C2318E556E700EA7A0A /* Debug */ = {
			isa = XCBuildConfiguration;
			buildSettings = {
				ALWAYS_SEARCH_USER_PATHS = NO;
				ARCHS = "$(ARCHS_STANDARD_INCLUDING_64_BIT)";
				CLANG_CXX_LANGUAGE_STANDARD = "gnu++0x";
				CLANG_CXX_LIBRARY = "libc++";
				CLANG_ENABLE_MODULES = YES;
				CLANG_ENABLE_OBJC_ARC = YES;
				CLANG_WARN_BOOL_CONVERSION = YES;
				CLANG_WARN_CONSTANT_CONVERSION = YES;
				CLANG_WARN_DIRECT_OBJC_ISA_USAGE = YES_ERROR;
				CLANG_WARN_EMPTY_BODY = YES;
				CLANG_WARN_ENUM_CONVERSION = YES;
				CLANG_WARN_INT_CONVERSION = YES;
				CLANG_WARN_OBJC_ROOT_CLASS = YES_ERROR;
				CLANG_WARN__DUPLICATE_METHOD_MATCH = YES;
				"CODE_SIGN_IDENTITY[sdk=iphoneos*]" = "iPhone Developer";
				COPY_PHASE_STRIP = NO;
				GCC_C_LANGUAGE_STANDARD = gnu99;
				GCC_DYNAMIC_NO_PIC = NO;
				GCC_OPTIMIZATION_LEVEL = 0;
				GCC_PREPROCESSOR_DEFINITIONS = (
					"DEBUG=1",
					"$(inherited)",
				);
				GCC_SYMBOLS_PRIVATE_EXTERN = NO;
				GCC_WARN_64_TO_32_BIT_CONVERSION = YES;
				GCC_WARN_ABOUT_RETURN_TYPE = YES_ERROR;
				GCC_WARN_UNDECLARED_SELECTOR = YES;
				GCC_WARN_UNINITIALIZED_AUTOS = YES;
				GCC_WARN_UNUSED_FUNCTION = YES;
				GCC_WARN_UNUSED_VARIABLE = YES;
				IPHONEOS_DEPLOYMENT_TARGET = 7.0;
				ONLY_ACTIVE_ARCH = NO;
				SDKROOT = iphoneos;
				TARGETED_DEVICE_FAMILY = 2;
			};
			name = Debug;
		};
		18F56C2418E556E700EA7A0A /* Release */ = {
			isa = XCBuildConfiguration;
			buildSettings = {
				ALWAYS_SEARCH_USER_PATHS = NO;
				ARCHS = "$(ARCHS_STANDARD_INCLUDING_64_BIT)";
				CLANG_CXX_LANGUAGE_STANDARD = "gnu++0x";
				CLANG_CXX_LIBRARY = "libc++";
				CLANG_ENABLE_MODULES = YES;
				CLANG_ENABLE_OBJC_ARC = YES;
				CLANG_WARN_BOOL_CONVERSION = YES;
				CLANG_WARN_CONSTANT_CONVERSION = YES;
				CLANG_WARN_DIRECT_OBJC_ISA_USAGE = YES_ERROR;
				CLANG_WARN_EMPTY_BODY = YES;
				CLANG_WARN_ENUM_CONVERSION = YES;
				CLANG_WARN_INT_CONVERSION = YES;
				CLANG_WARN_OBJC_ROOT_CLASS = YES_ERROR;
				CLANG_WARN__DUPLICATE_METHOD_MATCH = YES;
				"CODE_SIGN_IDENTITY[sdk=iphoneos*]" = "iPhone Developer";
				COPY_PHASE_STRIP = YES;
				ENABLE_NS_ASSERTIONS = NO;
				GCC_C_LANGUAGE_STANDARD = gnu99;
				GCC_WARN_64_TO_32_BIT_CONVERSION = YES;
				GCC_WARN_ABOUT_RETURN_TYPE = YES_ERROR;
				GCC_WARN_UNDECLARED_SELECTOR = YES;
				GCC_WARN_UNINITIALIZED_AUTOS = YES;
				GCC_WARN_UNUSED_FUNCTION = YES;
				GCC_WARN_UNUSED_VARIABLE = YES;
				IPHONEOS_DEPLOYMENT_TARGET = 7.0;
				ONLY_ACTIVE_ARCH = NO;
				SDKROOT = iphoneos;
				TARGETED_DEVICE_FAMILY = 2;
				VALIDATE_PRODUCT = YES;
			};
			name = Release;
		};
		18F56C2618E556E700EA7A0A /* Debug */ = {
			isa = XCBuildConfiguration;
			buildSettings = {
				ARCHS = "$(ARCHS_STANDARD)";
				ASSETCATALOG_COMPILER_APPICON_NAME = AppIcon;
				ASSETCATALOG_COMPILER_LAUNCHIMAGE_NAME = LaunchImage;
				CLANG_ENABLE_OBJC_ARC = NO;
				GCC_PRECOMPILE_PREFIX_HEADER = YES;
				GCC_PREFIX_HEADER = "formation_mesh/formation_mesh-Prefix.pch";
				INFOPLIST_FILE = "formation_mesh/formation_mesh-Info.plist";
				PRODUCT_NAME = "$(TARGET_NAME)";
				VALID_ARCHS = "armv7 armv7s";
				WRAPPER_EXTENSION = app;
			};
			name = Debug;
		};
		18F56C2718E556E700EA7A0A /* Release */ = {
			isa = XCBuildConfiguration;
			buildSettings = {
				ARCHS = "$(ARCHS_STANDARD)";
				ASSETCATALOG_COMPILER_APPICON_NAME = AppIcon;
				ASSETCATALOG_COMPILER_LAUNCHIMAGE_NAME = LaunchImage;
				CLANG_ENABLE_OBJC_ARC = NO;
				GCC_PRECOMPILE_PREFIX_HEADER = YES;
				GCC_PREFIX_HEADER = "formation_mesh/formation_mesh-Prefix.pch";
				INFOPLIST_FILE = "formation_mesh/formation_mesh-Info.plist";
				PRODUCT_NAME = "$(TARGET_NAME)";
				VALID_ARCHS = "armv7 armv7s";
				WRAPPER_EXTENSION = app;
			};
			name = Release;
		};
		18F56C2918E556E700EA7A0A /* Debug */ = {
			isa = XCBuildConfiguration;
			buildSettings = {
				ARCHS = "$(ARCHS_STANDARD_INCLUDING_64_BIT)";
				BUNDLE_LOADER = "$(BUILT_PRODUCTS_DIR)/formation_mesh.app/formation_mesh";
				FRAMEWORK_SEARCH_PATHS = (
					"$(SDKROOT)/Developer/Library/Frameworks",
					"$(inherited)",
					"$(DEVELOPER_FRAMEWORKS_DIR)",
				);
				GCC_PRECOMPILE_PREFIX_HEADER = YES;
				GCC_PREFIX_HEADER = "formation_mesh/formation_mesh-Prefix.pch";
				GCC_PREPROCESSOR_DEFINITIONS = (
					"DEBUG=1",
					"$(inherited)",
				);
				INFOPLIST_FILE = "formation_meshTests/formation_meshTests-Info.plist";
				PRODUCT_NAME = "$(TARGET_NAME)";
				TEST_HOST = "$(BUNDLE_LOADER)";
				WRAPPER_EXTENSION = xctest;
			};
			name = Debug;
		};
		18F56C2A18E556E700EA7A0A /* Release */ = {
			isa = XCBuildConfiguration;
			buildSettings = {
				ARCHS = "$(ARCHS_STANDARD_INCLUDING_64_BIT)";
				BUNDLE_LOADER = "$(BUILT_PRODUCTS_DIR)/formation_mesh.app/formation_mesh";
				FRAMEWORK_SEARCH_PATHS = (
					"$(SDKROOT)/Developer/Library/Frameworks",
					"$(inherited)",
					"$(DEVELOPER_FRAMEWORKS_DIR)",
				);
				GCC_PRECOMPILE_PREFIX_HEADER = YES;
				GCC_PREFIX_HEADER = "formation_mesh/formation_mesh-Prefix.pch";
				INFOPLIST_FILE = "formation_meshTests/formation_meshTests-Info.plist";
				PRODUCT_NAME = "$(TARGET_NAME)";
				TEST_HOST = "$(BUNDLE_LOADER)";
				WRAPPER_EXTENSION = xctest;
			};
			name = Release;
		};
/* End XCBuildConfiguration section */

/* Begin XCConfigurationList section */
		18F56BEE18E556E600EA7A0A /* Build configuration list for PBXProject "formation_mesh" */ = {
			isa = XCConfigurationList;
			buildConfigurations = (
				18F56C2318E556E700EA7A0A /* Debug */,
				18F56C2418E556E700EA7A0A /* Release */,
			);
			defaultConfigurationIsVisible = 0;
			defaultConfigurationName = Release;
		};
		18F56C2518E556E700EA7A0A /* Build configuration list for PBXNativeTarget "formation_mesh" */ = {
			isa = XCConfigurationList;
			buildConfigurations = (
				18F56C2618E556E700EA7A0A /* Debug */,
				18F56C2718E556E700EA7A0A /* Release */,
			);
			defaultConfigurationIsVisible = 0;
			defaultConfigurationName = Release;
		};
		18F56C2818E556E700EA7A0A /* Build configuration list for PBXNativeTarget "formation_meshTests" */ = {
			isa = XCConfigurationList;
			buildConfigurations = (
				18F56C2918E556E700EA7A0A /* Debug */,
				18F56C2A18E556E700EA7A0A /* Release */,
			);
			defaultConfigurationIsVisible = 0;
			defaultConfigurationName = Release;
		};
/* End XCConfigurationList section */
	};
	rootObject = 18F56BEB18E556E600EA7A0A /* Project object */;
}
